
Microsoft Visual Studio Solution File, Format Version 12.00
# Visual Studio Version 17
VisualStudioVersion = 17.1.32104.313
MinimumVisualStudioVersion = 10.0.40219.1
Project("{FAE04EC0-301F-11D3-BF4B-00C04F79EFBC}") = "BlazorApp5", "BlazorApp5.csproj", "{ACE3D8BD-B24E-4BA5-8FD3-E2E2DCE2A278}"
EndProject
Global
	GlobalSection(SolutionConfigurationPlatforms) = preSolution
		Debug|Any CPU = Debug|Any CPU
		Release|Any CPU = Release|Any CPU
	EndGlobalSection
	GlobalSection(ProjectConfigurationPlatforms) = postSolution
		{ACE3D8BD-B24E-4BA5-8FD3-E2E2DCE2A278}.Debug|Any CPU.ActiveCfg = Debug|Any CPU
		{ACE3D8BD-B24E-4BA5-8FD3-E2E2DCE2A278}.Debug|Any CPU.Build.0 = Debug|Any CPU
		{ACE3D8BD-B24E-4BA5-8FD3-E2E2DCE2A278}.Release|Any CPU.ActiveCfg = Release|Any CPU
		{ACE3D8BD-B24E-4BA5-8FD3-E2E2DCE2A278}.Release|Any CPU.Build.0 = Release|Any CPU
	EndGlobalSection
	GlobalSection(SolutionProperties) = preSolution
		HideSolutionNode = FALSE
	EndGlobalSection
	GlobalSection(ExtensibilityGlobals) = postSolution
		SolutionGuid = {3C398C43-697A-4F4B-8002-F1F4174A46E1}
	EndGlobalSection
EndGlobal
