
Microsoft Visual Studio Solution File, Format Version 12.00
# Visual Studio Version 17
VisualStudioVersion = 17.8.34316.72
MinimumVisualStudioVersion = 10.0.40219.1
Project("{FAE04EC0-301F-11D3-BF4B-00C04F79EFBC}") = "MenuBarSample", "MenuBarSample.csproj", "{BF64101E-217D-4708-A0B8-D166CAF55E97}"
EndProject
Global
	GlobalSection(SolutionConfigurationPlatforms) = preSolution
		Debug|Any CPU = Debug|Any CPU
		Release|Any CPU = Release|Any CPU
	EndGlobalSection
	GlobalSection(ProjectConfigurationPlatforms) = postSolution
		{BF64101E-217D-4708-A0B8-D166CAF55E97}.Debug|Any CPU.ActiveCfg = Debug|Any CPU
		{BF64101E-217D-4708-A0B8-D166CAF55E97}.Debug|Any CPU.Build.0 = Debug|Any CPU
		{BF64101E-217D-4708-A0B8-D166CAF55E97}.Release|Any CPU.ActiveCfg = Release|Any CPU
		{BF64101E-217D-4708-A0B8-D166CAF55E97}.Release|Any CPU.Build.0 = Release|Any CPU
	EndGlobalSection
	GlobalSection(SolutionProperties) = preSolution
		HideSolutionNode = FALSE
	EndGlobalSection
	GlobalSection(ExtensibilityGlobals) = postSolution
		SolutionGuid = {1F80B564-6056-4F76-A5B9-99793B183A3C}
	EndGlobalSection
EndGlobal
